
Microsoft Visual Studio Solution File, Format Version 12.00
# Visual Studio Version 16
VisualStudioVersion = 16.0.31321.278
MinimumVisualStudioVersion = 10.0.40219.1
Project("{FAE04EC0-301F-11D3-BF4B-00C04F79EFBC}") = "AccessAbility", "AccessAbility.csproj", "{64AD80BC-267B-4A1E-B9CC-FA2C78F6ED58}"
EndProject
Global
	GlobalSection(SolutionConfigurationPlatforms) = preSolution
		Debug|Any CPU = Debug|Any CPU
		Release|Any CPU = Release|Any CPU
	EndGlobalSection
	GlobalSection(ProjectConfigurationPlatforms) = postSolution
		{64AD80BC-267B-4A1E-B9CC-FA2C78F6ED58}.Debug|Any CPU.ActiveCfg = Debug|Any CPU
		{64AD80BC-267B-4A1E-B9CC-FA2C78F6ED58}.Debug|Any CPU.Build.0 = Debug|Any CPU
		{64AD80BC-267B-4A1E-B9CC-FA2C78F6ED58}.Release|Any CPU.ActiveCfg = Release|Any CPU
		{64AD80BC-267B-4A1E-B9CC-FA2C78F6ED58}.Release|Any CPU.Build.0 = Release|Any CPU
	EndGlobalSection
	GlobalSection(SolutionProperties) = preSolution
		HideSolutionNode = FALSE
	EndGlobalSection
	GlobalSection(ExtensibilityGlobals) = postSolution
		SolutionGuid = {D243DAD0-74C9-40AA-AF86-F7990DA0C1BC}
	EndGlobalSection
EndGlobal
